
Microsoft Visual Studio Solution File, Format Version 12.00
# Visual Studio Version 17
VisualStudioVersion = 17.8.34219.65
MinimumVisualStudioVersion = 10.0.40219.1
Project("{FAE04EC0-301F-11D3-BF4B-00C04F79EFBC}") = "InteractiveAnimal", "InteractiveAnimal\InteractiveAnimal.csproj", "{D1B267C8-D3F1-43FB-8411-36CF9B3A7FA3}"
EndProject
Global
	GlobalSection(SolutionConfigurationPlatforms) = preSolution
		Debug|Any CPU = Debug|Any CPU
		Release|Any CPU = Release|Any CPU
	EndGlobalSection
	GlobalSection(ProjectConfigurationPlatforms) = postSolution
		{D1B267C8-D3F1-43FB-8411-36CF9B3A7FA3}.Debug|Any CPU.ActiveCfg = Debug|Any CPU
		{D1B267C8-D3F1-43FB-8411-36CF9B3A7FA3}.Debug|Any CPU.Build.0 = Debug|Any CPU
		{D1B267C8-D3F1-43FB-8411-36CF9B3A7FA3}.Release|Any CPU.ActiveCfg = Release|Any CPU
		{D1B267C8-D3F1-43FB-8411-36CF9B3A7FA3}.Release|Any CPU.Build.0 = Release|Any CPU
	EndGlobalSection
	GlobalSection(SolutionProperties) = preSolution
		HideSolutionNode = FALSE
	EndGlobalSection
	GlobalSection(ExtensibilityGlobals) = postSolution
		SolutionGuid = {F4199176-4ECD-4977-8975-42CD22A90702}
	EndGlobalSection
EndGlobal
